
Microsoft Visual Studio Solution File, Format Version 12.00
# Visual Studio Version 17
VisualStudioVersion = 17.5.33502.453
MinimumVisualStudioVersion = 10.0.40219.1
Project("{FAE04EC0-301F-11D3-BF4B-00C04F79EFBC}") = "NetInterfacesPatternsApp", "NetInterfacesPatternsApp\NetInterfacesPatternsApp.csproj", "{164FCB6F-1646-47FD-96BE-48D789B125AF}"
EndProject
Global
	GlobalSection(SolutionConfigurationPlatforms) = preSolution
		Debug|Any CPU = Debug|Any CPU
		Release|Any CPU = Release|Any CPU
	EndGlobalSection
	GlobalSection(ProjectConfigurationPlatforms) = postSolution
		{164FCB6F-1646-47FD-96BE-48D789B125AF}.Debug|Any CPU.ActiveCfg = Debug|Any CPU
		{164FCB6F-1646-47FD-96BE-48D789B125AF}.Debug|Any CPU.Build.0 = Debug|Any CPU
		{164FCB6F-1646-47FD-96BE-48D789B125AF}.Release|Any CPU.ActiveCfg = Release|Any CPU
		{164FCB6F-1646-47FD-96BE-48D789B125AF}.Release|Any CPU.Build.0 = Release|Any CPU
	EndGlobalSection
	GlobalSection(SolutionProperties) = preSolution
		HideSolutionNode = FALSE
	EndGlobalSection
	GlobalSection(ExtensibilityGlobals) = postSolution
		SolutionGuid = {8B65FE97-4CEF-4D42-AB19-F14F8C8E6804}
	EndGlobalSection
EndGlobal
